// !$*UTF8*$!
{
	archiveVersion = 1;
	classes = {
	};
	objectVersion = 46;
	objects = {

/* Begin PBXBuildFile section */
		1F5C46771EFA541400B57A6C /* AppDelegate.swift in Sources */ = {isa = PBXBuildFile; fileRef = 1F5C46761EFA541400B57A6C /* AppDelegate.swift */; };
		1F5C46791EFA541400B57A6C /* ViewController.swift in Sources */ = {isa = PBXBuildFile; fileRef = 1F5C46781EFA541400B57A6C /* ViewController.swift */; };
		1F5C467C1EFA541400B57A6C /* Main.storyboard in Resources */ = {isa = PBXBuildFile; fileRef = 1F5C467A1EFA541400B57A6C /* Main.storyboard */; };
		1F5C467E1EFA541400B57A6C /* Assets.xcassets in Resources */ = {isa = PBXBuildFile; fileRef = 1F5C467D1EFA541400B57A6C /* Assets.xcassets */; };
		1F5C46811EFA541400B57A6C /* LaunchScreen.storyboard in Resources */ = {isa = PBXBuildFile; fileRef = 1F5C467F1EFA541400B57A6C /* LaunchScreen.storyboard */; };
/* End PBXBuildFile section */

/* Begin PBXFileReference section */
		1F5C46731EFA541400B57A6C /* GoHike3.app */ = {isa = PBXFileReference; explicitFileType = wrapper.application; includeInIndex = 0; path = GoHike3.app; sourceTree = BUILT_PRODUCTS_DIR; };
		1F5C46761EFA541400B57A6C /* AppDelegate.swift */ = {isa = PBXFileReference; lastKnownFileType = sourcecode.swift; path = AppDelegate.swift; sourceTree = "<group>"; };
		1F5C46781EFA541400B57A6C /* ViewController.swift */ = {isa = PBXFileReference; lastKnownFileType = sourcecode.swift; path = ViewController.swift; sourceTree = "<group>"; };
		1F5C467B1EFA541400B57A6C /* Base */ = {isa = PBXFileReference; lastKnownFileType = file.storyboard; name = Base; path = Base.lproj/Main.storyboard; sourceTree = "<group>"; };
		1F5C467D1EFA541400B57A6C /* Assets.xcassets */ = {isa = PBXFileReference; lastKnownFileType = folder.assetcatalog; path = Assets.xcassets; sourceTree = "<group>"; };
		1F5C46801EFA541400B57A6C /* Base */ = {isa = PBXFileReference; lastKnownFileType = file.storyboard; name = Base; path = Base.lproj/LaunchScreen.storyboard; sourceTree = "<group>"; };
		1F5C46821EFA541400B57A6C /* Info.plist */ = {isa = PBXFileReference; lastKnownFileType = text.plist.xml; path = Info.plist; sourceTree = "<group>"; };
/* End PBXFileReference section */

/* Begin PBXFrameworksBuildPhase section */
		1F5C46701EFA541400B57A6C /* Frameworks */ = {
			isa = PBXFrameworksBuildPhase;
			buildActionMask = 2147483647;
			files = (
			);
			runOnlyForDeploymentPostprocessing = 0;
		};
/* End PBXFrameworksBuildPhase section */

/* Begin PBXGroup section */
		1F5C466A1EFA541400B57A6C = {
			isa = PBXGroup;
			children = (
				1F5C46751EFA541400B57A6C /* GoHike3 */,
				1F5C46741EFA541400B57A6C /* Products */,
			);
			sourceTree = "<group>";
		};
		1F5C46741EFA541400B57A6C /* Products */ = {
			isa = PBXGroup;
			children = (
				1F5C46731EFA541400B57A6C /* GoHike3.app */,
			);
			name = Products;
			sourceTree = "<group>";
		};
		1F5C46751EFA541400B57A6C /* GoHike3 */ = {
			isa = PBXGroup;
			children = (
				1F5C46761EFA541400B57A6C /* AppDelegate.swift */,
				1F5C46781EFA541400B57A6C /* ViewController.swift */,
				1F5C467A1EFA541400B57A6C /* Main.storyboard */,
				1F5C467D1EFA541400B57A6C /* Assets.xcassets */,
				1F5C467F1EFA541400B57A6C /* LaunchScreen.storyboard */,
				1F5C46821EFA541400B57A6C /* Info.plist */,
			);
			path = GoHike3;
			sourceTree = "<group>";
		};
/* End PBXGroup section */

/* Begin PBXNativeTarget section */
		1F5C46721EFA541400B57A6C /* GoHike3 */ = {
			isa = PBXNativeTarget;
			buildConfigurationList = 1F5C46851EFA541400B57A6C /* Build configuration list for PBXNativeTarget "GoHike3" */;
			buildPhases = (
				1F5C466F1EFA541400B57A6C /* Sources */,
				1F5C46701EFA541400B57A6C /* Frameworks */,
				1F5C46711EFA541400B57A6C /* Resources */,
			);
			buildRules = (
			);
			dependencies = (
			);
			name = GoHike3;
			productName = GoHike3;
			productReference = 1F5C46731EFA541400B57A6C /* GoHike3.app */;
			productType = "com.apple.product-type.application";
		};
/* End PBXNativeTarget section */

/* Begin PBXProject section */
		1F5C466B1EFA541400B57A6C /* Project object */ = {
			isa = PBXProject;
			attributes = {
				LastSwiftUpdateCheck = 0830;
				LastUpgradeCheck = 0830;
				ORGANIZATIONNAME = jmchen;
				TargetAttributes = {
					1F5C46721EFA541400B57A6C = {
						CreatedOnToolsVersion = 8.3.3;
						DevelopmentTeam = QM9U5GRFNF;
						ProvisioningStyle = Automatic;
					};
				};
			};
			buildConfigurationList = 1F5C466E1EFA541400B57A6C /* Build configuration list for PBXProject "GoHike3" */;
			compatibilityVersion = "Xcode 3.2";
			developmentRegion = English;
			hasScannedForEncodings = 0;
			knownRegions = (
				en,
				Base,
			);
			mainGroup = 1F5C466A1EFA541400B57A6C;
			productRefGroup = 1F5C46741EFA541400B57A6C /* Products */;
			projectDirPath = "";
			projectRoot = "";
			targets = (
				1F5C46721EFA541400B57A6C /* GoHike3 */,
			);
		};
/* End PBXProject section */

/* Begin PBXResourcesBuildPhase section */
		1F5C46711EFA541400B57A6C /* Resources */ = {
			isa = PBXResourcesBuildPhase;
			buildActionMask = 2147483647;
			files = (
				1F5C46811EFA541400B57A6C /* LaunchScreen.storyboard in Resources */,
				1F5C467E1EFA541400B57A6C /* Assets.xcassets in Resources */,
				1F5C467C1EFA541400B57A6C /* Main.storyboard in Resources */,
			);
			runOnlyForDeploymentPostprocessing = 0;
		};
/* End PBXResourcesBuildPhase section */

/* Begin PBXSourcesBuildPhase section */
		1F5C466F1EFA541400B57A6C /* Sources */ = {
			isa = PBXSourcesBuildPhase;
			buildActionMask = 2147483647;
			files = (
				1F5C46791EFA541400B57A6C /* ViewController.swift in Sources */,
				1F5C46771EFA541400B57A6C /* AppDelegate.swift in Sources */,
			);
			runOnlyForDeploymentPostprocessing = 0;
		};
/* End PBXSourcesBuildPhase section */

/* Begin PBXVariantGroup section */
		1F5C467A1EFA541400B57A6C /* Main.storyboard */ = {
			isa = PBXVariantGroup;
			children = (
				1F5C467B1EFA541400B57A6C /* Base */,
			);
			name = Main.storyboard;
			sourceTree = "<group>";
		};
		1F5C467F1EFA541400B57A6C /* LaunchScreen.storyboard */ = {
			isa = PBXVariantGroup;
			children = (
				1F5C46801EFA541400B57A6C /* Base */,
			);
			name = LaunchScreen.storyboard;
			sourceTree = "<group>";
		};
/* End PBXVariantGroup section */

/* Begin XCBuildConfiguration section */
		1F5C46831EFA541400B57A6C /* Debug */ = {
			isa = XCBuildConfiguration;
			buildSettings = {
				ALWAYS_SEARCH_USER_PATHS = NO;
				CLANG_ANALYZER_NONNULL = YES;
				CLANG_ANALYZER_NUMBER_OBJECT_CONVERSION = YES_AGGRESSIVE;
				CLANG_CXX_LANGUAGE_STANDARD = "gnu++0x";
				CLANG_CXX_LIBRARY = "libc++";
				CLANG_ENABLE_MODULES = YES;
				CLANG_ENABLE_OBJC_ARC = YES;
				CLANG_WARN_BOOL_CONVERSION = YES;
				CLANG_WARN_CONSTANT_CONVERSION = YES;
				CLANG_WARN_DIRECT_OBJC_ISA_USAGE = YES_ERROR;
				CLANG_WARN_DOCUMENTATION_COMMENTS = YES;
				CLANG_WARN_EMPTY_BODY = YES;
				CLANG_WARN_ENUM_CONVERSION = YES;
				CLANG_WARN_INFINITE_RECURSION = YES;
				CLANG_WARN_INT_CONVERSION = YES;
				CLANG_WARN_OBJC_ROOT_CLASS = YES_ERROR;
				CLANG_WARN_SUSPICIOUS_MOVE = YES;
				CLANG_WARN_UNREACHABLE_CODE = YES;
				CLANG_WARN__DUPLICATE_METHOD_MATCH = YES;
				"CODE_SIGN_IDENTITY[sdk=iphoneos*]" = "iPhone Developer";
				COPY_PHASE_STRIP = NO;
				DEBUG_INFORMATION_FORMAT = dwarf;
				ENABLE_STRICT_OBJC_MSGSEND = YES;
				ENABLE_TESTABILITY = YES;
				GCC_C_LANGUAGE_STANDARD = gnu99;
				GCC_DYNAMIC_NO_PIC = NO;
				GCC_NO_COMMON_BLOCKS = YES;
				GCC_OPTIMIZATION_LEVEL = 0;
				GCC_PREPROCESSOR_DEFINITIONS = (
					"DEBUG=1",
					"$(inherited)",
				);
				GCC_WARN_64_TO_32_BIT_CONVERSION = YES;
				GCC_WARN_ABOUT_RETURN_TYPE = YES_ERROR;
				GCC_WARN_UNDECLARED_SELECTOR = YES;
				GCC_WARN_UNINITIALIZED_AUTOS = YES_AGGRESSIVE;
				GCC_WARN_UNUSED_FUNCTION = YES;
				GCC_WARN_UNUSED_VARIABLE = YES;
				IPHONEOS_DEPLOYMENT_TARGET = 10.3;
				MTL_ENABLE_DEBUG_INFO = YES;
				ONLY_ACTIVE_ARCH = YES;
				SDKROOT = iphoneos;
				SWIFT_ACTIVE_COMPILATION_CONDITIONS = DEBUG;
				SWIFT_OPTIMIZATION_LEVEL = "-Onone";
				TARGETED_DEVICE_FAMILY = "1,2";
			};
			name = Debug;
		};
		1F5C46841EFA541400B57A6C /* Release */ = {
			isa = XCBuildConfiguration;
			buildSettings = {
				ALWAYS_SEARCH_USER_PATHS = NO;
				CLANG_ANALYZER_NONNULL = YES;
				CLANG_ANALYZER_NUMBER_OBJECT_CONVERSION = YES_AGGRESSIVE;
				CLANG_CXX_LANGUAGE_STANDARD = "gnu++0x";
				CLANG_CXX_LIBRARY = "libc++";
				CLANG_ENABLE_MODULES = YES;
				CLANG_ENABLE_OBJC_ARC = YES;
				CLANG_WARN_BOOL_CONVERSION = YES;
				CLANG_WARN_CONSTANT_CONVERSION = YES;
				CLANG_WARN_DIRECT_OBJC_ISA_USAGE = YES_ERROR;
				CLANG_WARN_DOCUMENTATION_COMMENTS = YES;
				CLANG_WARN_EMPTY_BODY = YES;
				CLANG_WARN_ENUM_CONVERSION = YES;
				CLANG_WARN_INFINITE_RECURSION = YES;
				CLANG_WARN_INT_CONVERSION = YES;
				CLANG_WARN_OBJC_ROOT_CLASS = YES_ERROR;
				CLANG_WARN_SUSPICIOUS_MOVE = YES;
				CLANG_WARN_UNREACHABLE_CODE = YES;
				CLANG_WARN__DUPLICATE_METHOD_MATCH = YES;
				"CODE_SIGN_IDENTITY[sdk=iphoneos*]" = "iPhone Developer";
				COPY_PHASE_STRIP = NO;
				DEBUG_INFORMATION_FORMAT = "dwarf-with-dsym";
				ENABLE_NS_ASSERTIONS = NO;
				ENABLE_STRICT_OBJC_MSGSEND = YES;
				GCC_C_LANGUAGE_STANDARD = gnu99;
				GCC_NO_COMMON_BLOCKS = YES;
				GCC_WARN_64_TO_32_BIT_CONVERSION = YES;
				GCC_WARN_ABOUT_RETURN_TYPE = YES_ERROR;
				GCC_WARN_UNDECLARED_SELECTOR = YES;
				GCC_WARN_UNINITIALIZED_AUTOS = YES_AGGRESSIVE;
				GCC_WARN_UNUSED_FUNCTION = YES;
				GCC_WARN_UNUSED_VARIABLE = YES;
				IPHONEOS_DEPLOYMENT_TARGET = 10.3;
				MTL_ENABLE_DEBUG_INFO = NO;
				SDKROOT = iphoneos;
				SWIFT_OPTIMIZATION_LEVEL = "-Owholemodule";
				TARGETED_DEVICE_FAMILY = "1,2";
				VALIDATE_PRODUCT = YES;
			};
			name = Release;
		};
		1F5C46861EFA541400B57A6C /* Debug */ = {
			isa = XCBuildConfiguration;
			buildSettings = {
				ASSETCATALOG_COMPILER_APPICON_NAME = AppIcon;
				DEVELOPMENT_TEAM = QM9U5GRFNF;
				INFOPLIST_FILE = GoHike3/Info.plist;
				LD_RUNPATH_SEARCH_PATHS = "$(inherited) @executable_path/Frameworks";
				PRODUCT_BUNDLE_IDENTIFIER = com.chen.GoHike3;
				PRODUCT_NAME = "$(TARGET_NAME)";
				SWIFT_VERSION = 3.0;
			};
			name = Debug;
		};
		1F5C46871EFA541400B57A6C /* Release */ = {
			isa = XCBuildConfiguration;
			buildSettings = {
				ASSETCATALOG_COMPILER_APPICON_NAME = AppIcon;
				DEVELOPMENT_TEAM = QM9U5GRFNF;
				INFOPLIST_FILE = GoHike3/Info.plist;
				LD_RUNPATH_SEARCH_PATHS = "$(inherited) @executable_path/Frameworks";
				PRODUCT_BUNDLE_IDENTIFIER = com.chen.GoHike3;
				PRODUCT_NAME = "$(TARGET_NAME)";
				SWIFT_VERSION = 3.0;
			};
			name = Release;
		};
/* End XCBuildConfiguration section */

/* Begin XCConfigurationList section */
		1F5C466E1EFA541400B57A6C /* Build configuration list for PBXProject "GoHike3" */ = {
			isa = XCConfigurationList;
			buildConfigurations = (
				1F5C46831EFA541400B57A6C /* Debug */,
				1F5C46841EFA541400B57A6C /* Release */,
			);
			defaultConfigurationIsVisible = 0;
			defaultConfigurationName = Release;
		};
		1F5C46851EFA541400B57A6C /* Build configuration list for PBXNativeTarget "GoHike3" */ = {
			isa = XCConfigurationList;
			buildConfigurations = (
				1F5C46861EFA541400B57A6C /* Debug */,
				1F5C46871EFA541400B57A6C /* Release */,
			);
			defaultConfigurationIsVisible = 0;
		};
/* End XCConfigurationList section */
	};
	rootObject = 1F5C466B1EFA541400B57A6C /* Project object */;
}
